
Microsoft Visual Studio Solution File, Format Version 12.00
# Visual Studio Version 17
VisualStudioVersion = 17.9.34728.123
MinimumVisualStudioVersion = 10.0.40219.1
Project("{9A19103F-16F7-4668-BE54-9A1E7A4F7556}") = "AspnetWeb", "AspnetWeb.csproj", "{E95431E2-FA93-42C9-B316-574BF8956979}"
EndProject
Global
	GlobalSection(SolutionConfigurationPlatforms) = preSolution
		Debug|Any CPU = Debug|Any CPU
		Release|Any CPU = Release|Any CPU
	EndGlobalSection
	GlobalSection(ProjectConfigurationPlatforms) = postSolution
		{E95431E2-FA93-42C9-B316-574BF8956979}.Debug|Any CPU.ActiveCfg = Debug|Any CPU
		{E95431E2-FA93-42C9-B316-574BF8956979}.Debug|Any CPU.Build.0 = Debug|Any CPU
		{E95431E2-FA93-42C9-B316-574BF8956979}.Release|Any CPU.ActiveCfg = Release|Any CPU
		{E95431E2-FA93-42C9-B316-574BF8956979}.Release|Any CPU.Build.0 = Release|Any CPU
	EndGlobalSection
	GlobalSection(SolutionProperties) = preSolution
		HideSolutionNode = FALSE
	EndGlobalSection
	GlobalSection(ExtensibilityGlobals) = postSolution
		SolutionGuid = {EB74CFA6-4B52-463F-A83D-236DB1F0A090}
	EndGlobalSection
EndGlobal
